uuid: 4c2aae78-7006-42c4-981a-ac9e7fb466fe
langcode: fr
status: true
dependencies:
  config:
    - views.view.region_news
  module:
    - group
    - views
  theme:
    - arb
id: views_block__region_news_region_block
theme: arb
region: content
weight: 0
provider: null
plugin: 'views_block:region_news-region_block'
settings:
  id: 'views_block:region_news-region_block'
  label: ''
  provider: views
  label_display: visible
  views_label: ''
  items_per_page: none
  context_mapping: {  }
visibility:
  group_type:
    id: group_type
    group_types:
      regional_group: regional_group
    negate: false
    context_mapping:
      group: '@group.group_route_context:group'
