uuid: c9f9c35e-6e97-47e8-a145-305325c8c13a
langcode: fr
status: true
dependencies:
  config:
    - views.view.news
  module:
    - system
    - views
  theme:
    - arb
id: views_block__news_block
theme: arb
region: content
weight: -4
provider: null
plugin: 'views_block:news-block'
settings:
  id: 'views_block:news-block'
  label: ''
  provider: views
  label_display: visible
  views_label: ''
  items_per_page: none
visibility:
  request_path:
    id: request_path
    pages: '<front>'
    negate: false
    context_mapping: {  }
